
Microsoft Visual Studio Solution File, Format Version 12.00
# Visual Studio Version 17
VisualStudioVersion = 17.5.002.0
MinimumVisualStudioVersion = 10.0.40219.1
Project("{9A19103F-16F7-4668-BE54-9A1E7A4F7556}") = "rema", "rema.csproj", "{75A9618A-49A4-42EA-8C88-2FB23DAFAF69}"
EndProject
Global
	GlobalSection(SolutionConfigurationPlatforms) = preSolution
		Debug|Any CPU = Debug|Any CPU
		Release|Any CPU = Release|Any CPU
	EndGlobalSection
	GlobalSection(ProjectConfigurationPlatforms) = postSolution
		{75A9618A-49A4-42EA-8C88-2FB23DAFAF69}.Debug|Any CPU.ActiveCfg = Debug|Any CPU
		{75A9618A-49A4-42EA-8C88-2FB23DAFAF69}.Debug|Any CPU.Build.0 = Debug|Any CPU
		{75A9618A-49A4-42EA-8C88-2FB23DAFAF69}.Release|Any CPU.ActiveCfg = Release|Any CPU
		{75A9618A-49A4-42EA-8C88-2FB23DAFAF69}.Release|Any CPU.Build.0 = Release|Any CPU
	EndGlobalSection
	GlobalSection(SolutionProperties) = preSolution
		HideSolutionNode = FALSE
	EndGlobalSection
	GlobalSection(ExtensibilityGlobals) = postSolution
		SolutionGuid = {39B7A165-065F-4EE6-B9B9-86B62C5B0284}
	EndGlobalSection
EndGlobal
